
Microsoft Visual Studio Solution File, Format Version 12.00
# Visual Studio Version 17
VisualStudioVersion = 17.0.31903.59
MinimumVisualStudioVersion = 10.0.40219.1
Project("{2150E333-8FDC-42A3-9474-1A3956D46DE8}") = "src", "src", "{827E0CD3-B72D-47B6-A68D-7590B98EB39B}"
EndProject
Project("{FAE04EC0-301F-11D3-BF4B-00C04F79EFBC}") = "Engine.Core", "src\Engine.Core\Engine.Core.csproj", "{5CC82587-F103-457A-BA02-7FFE7995157D}"
EndProject
Project("{FAE04EC0-301F-11D3-BF4B-00C04F79EFBC}") = "Engine.Generators", "src\Engine.Generators\Engine.Generators.csproj", "{F77E0D2B-CFAA-4784-B27E-B9A57490034E}"
EndProject
Project("{FAE04EC0-301F-11D3-BF4B-00C04F79EFBC}") = "Engine.Runtime", "src\Engine.Runtime\Engine.Runtime.csproj", "{9CA86370-CE54-484C-ABC3-9695A1520725}"
EndProject
Project("{2150E333-8FDC-42A3-9474-1A3956D46DE8}") = "examples", "examples", "{B36A84DF-456D-A817-6EDD-3EC3E7F6E11F}"
EndProject
Project("{FAE04EC0-301F-11D3-BF4B-00C04F79EFBC}") = "Contracts", "examples\Contracts\Contracts.csproj", "{320F24C5-4592-4DCA-85D1-110D5CF88AC8}"
EndProject
Project("{FAE04EC0-301F-11D3-BF4B-00C04F79EFBC}") = "Server", "examples\Server\Server.csproj", "{408A55C2-8D1C-4629-8071-37D3AB4C5FC7}"
EndProject
Project("{FAE04EC0-301F-11D3-BF4B-00C04F79EFBC}") = "Client", "examples\Client\Client.csproj", "{88C2FC4B-6A7E-4B59-895A-B306C048FF53}"
EndProject
Project("{FAE04EC0-301F-11D3-BF4B-00C04F79EFBC}") = "Engine.Math", "src\Engine.Math\Engine.Math.csproj", "{B6388D65-7302-4EA6-98CD-4AA183F0A3CC}"
EndProject
Project("{FAE04EC0-301F-11D3-BF4B-00C04F79EFBC}") = "Engine.Spatial", "src\Engine.Spatial\Engine.Spatial.csproj", "{653E4B0E-B26A-4470-A016-C7AA66AE4DBF}"
EndProject
Global
	GlobalSection(SolutionConfigurationPlatforms) = preSolution
		Debug|Any CPU = Debug|Any CPU
		Debug|x64 = Debug|x64
		Debug|x86 = Debug|x86
		Release|Any CPU = Release|Any CPU
		Release|x64 = Release|x64
		Release|x86 = Release|x86
	EndGlobalSection
	GlobalSection(ProjectConfigurationPlatforms) = postSolution
		{5CC82587-F103-457A-BA02-7FFE7995157D}.Debug|Any CPU.ActiveCfg = Debug|Any CPU
		{5CC82587-F103-457A-BA02-7FFE7995157D}.Debug|Any CPU.Build.0 = Debug|Any CPU
		{5CC82587-F103-457A-BA02-7FFE7995157D}.Debug|x64.ActiveCfg = Debug|Any CPU
		{5CC82587-F103-457A-BA02-7FFE7995157D}.Debug|x64.Build.0 = Debug|Any CPU
		{5CC82587-F103-457A-BA02-7FFE7995157D}.Debug|x86.ActiveCfg = Debug|Any CPU
		{5CC82587-F103-457A-BA02-7FFE7995157D}.Debug|x86.Build.0 = Debug|Any CPU
		{5CC82587-F103-457A-BA02-7FFE7995157D}.Release|Any CPU.ActiveCfg = Release|Any CPU
		{5CC82587-F103-457A-BA02-7FFE7995157D}.Release|Any CPU.Build.0 = Release|Any CPU
		{5CC82587-F103-457A-BA02-7FFE7995157D}.Release|x64.ActiveCfg = Release|Any CPU
		{5CC82587-F103-457A-BA02-7FFE7995157D}.Release|x64.Build.0 = Release|Any CPU
		{5CC82587-F103-457A-BA02-7FFE7995157D}.Release|x86.ActiveCfg = Release|Any CPU
		{5CC82587-F103-457A-BA02-7FFE7995157D}.Release|x86.Build.0 = Release|Any CPU
		{F77E0D2B-CFAA-4784-B27E-B9A57490034E}.Debug|Any CPU.ActiveCfg = Debug|Any CPU
		{F77E0D2B-CFAA-4784-B27E-B9A57490034E}.Debug|Any CPU.Build.0 = Debug|Any CPU
		{F77E0D2B-CFAA-4784-B27E-B9A57490034E}.Debug|x64.ActiveCfg = Debug|Any CPU
		{F77E0D2B-CFAA-4784-B27E-B9A57490034E}.Debug|x64.Build.0 = Debug|Any CPU
		{F77E0D2B-CFAA-4784-B27E-B9A57490034E}.Debug|x86.ActiveCfg = Debug|Any CPU
		{F77E0D2B-CFAA-4784-B27E-B9A57490034E}.Debug|x86.Build.0 = Debug|Any CPU
		{F77E0D2B-CFAA-4784-B27E-B9A57490034E}.Release|Any CPU.ActiveCfg = Release|Any CPU
		{F77E0D2B-CFAA-4784-B27E-B9A57490034E}.Release|Any CPU.Build.0 = Release|Any CPU
		{F77E0D2B-CFAA-4784-B27E-B9A57490034E}.Release|x64.ActiveCfg = Release|Any CPU
		{F77E0D2B-CFAA-4784-B27E-B9A57490034E}.Release|x64.Build.0 = Release|Any CPU
		{F77E0D2B-CFAA-4784-B27E-B9A57490034E}.Release|x86.ActiveCfg = Release|Any CPU
		{F77E0D2B-CFAA-4784-B27E-B9A57490034E}.Release|x86.Build.0 = Release|Any CPU
		{9CA86370-CE54-484C-ABC3-9695A1520725}.Debug|Any CPU.ActiveCfg = Debug|Any CPU
		{9CA86370-CE54-484C-ABC3-9695A1520725}.Debug|Any CPU.Build.0 = Debug|Any CPU
		{9CA86370-CE54-484C-ABC3-9695A1520725}.Debug|x64.ActiveCfg = Debug|Any CPU
		{9CA86370-CE54-484C-ABC3-9695A1520725}.Debug|x64.Build.0 = Debug|Any CPU
		{9CA86370-CE54-484C-ABC3-9695A1520725}.Debug|x86.ActiveCfg = Debug|Any CPU
		{9CA86370-CE54-484C-ABC3-9695A1520725}.Debug|x86.Build.0 = Debug|Any CPU
		{9CA86370-CE54-484C-ABC3-9695A1520725}.Release|Any CPU.ActiveCfg = Release|Any CPU
		{9CA86370-CE54-484C-ABC3-9695A1520725}.Release|Any CPU.Build.0 = Release|Any CPU
		{9CA86370-CE54-484C-ABC3-9695A1520725}.Release|x64.ActiveCfg = Release|Any CPU
		{9CA86370-CE54-484C-ABC3-9695A1520725}.Release|x64.Build.0 = Release|Any CPU
		{9CA86370-CE54-484C-ABC3-9695A1520725}.Release|x86.ActiveCfg = Release|Any CPU
		{9CA86370-CE54-484C-ABC3-9695A1520725}.Release|x86.Build.0 = Release|Any CPU
		{320F24C5-4592-4DCA-85D1-110D5CF88AC8}.Debug|Any CPU.ActiveCfg = Debug|Any CPU
		{320F24C5-4592-4DCA-85D1-110D5CF88AC8}.Debug|Any CPU.Build.0 = Debug|Any CPU
		{320F24C5-4592-4DCA-85D1-110D5CF88AC8}.Debug|x64.ActiveCfg = Debug|Any CPU
		{320F24C5-4592-4DCA-85D1-110D5CF88AC8}.Debug|x64.Build.0 = Debug|Any CPU
		{320F24C5-4592-4DCA-85D1-110D5CF88AC8}.Debug|x86.ActiveCfg = Debug|Any CPU
		{320F24C5-4592-4DCA-85D1-110D5CF88AC8}.Debug|x86.Build.0 = Debug|Any CPU
		{320F24C5-4592-4DCA-85D1-110D5CF88AC8}.Release|Any CPU.ActiveCfg = Release|Any CPU
		{320F24C5-4592-4DCA-85D1-110D5CF88AC8}.Release|Any CPU.Build.0 = Release|Any CPU
		{320F24C5-4592-4DCA-85D1-110D5CF88AC8}.Release|x64.ActiveCfg = Release|Any CPU
		{320F24C5-4592-4DCA-85D1-110D5CF88AC8}.Release|x64.Build.0 = Release|Any CPU
		{320F24C5-4592-4DCA-85D1-110D5CF88AC8}.Release|x86.ActiveCfg = Release|Any CPU
		{320F24C5-4592-4DCA-85D1-110D5CF88AC8}.Release|x86.Build.0 = Release|Any CPU
		{408A55C2-8D1C-4629-8071-37D3AB4C5FC7}.Debug|Any CPU.ActiveCfg = Debug|Any CPU
		{408A55C2-8D1C-4629-8071-37D3AB4C5FC7}.Debug|Any CPU.Build.0 = Debug|Any CPU
		{408A55C2-8D1C-4629-8071-37D3AB4C5FC7}.Debug|x64.ActiveCfg = Debug|Any CPU
		{408A55C2-8D1C-4629-8071-37D3AB4C5FC7}.Debug|x64.Build.0 = Debug|Any CPU
		{408A55C2-8D1C-4629-8071-37D3AB4C5FC7}.Debug|x86.ActiveCfg = Debug|Any CPU
		{408A55C2-8D1C-4629-8071-37D3AB4C5FC7}.Debug|x86.Build.0 = Debug|Any CPU
		{408A55C2-8D1C-4629-8071-37D3AB4C5FC7}.Release|Any CPU.ActiveCfg = Release|Any CPU
		{408A55C2-8D1C-4629-8071-37D3AB4C5FC7}.Release|Any CPU.Build.0 = Release|Any CPU
		{408A55C2-8D1C-4629-8071-37D3AB4C5FC7}.Release|x64.ActiveCfg = Release|Any CPU
		{408A55C2-8D1C-4629-8071-37D3AB4C5FC7}.Release|x64.Build.0 = Release|Any CPU
		{408A55C2-8D1C-4629-8071-37D3AB4C5FC7}.Release|x86.ActiveCfg = Release|Any CPU
		{408A55C2-8D1C-4629-8071-37D3AB4C5FC7}.Release|x86.Build.0 = Release|Any CPU
		{88C2FC4B-6A7E-4B59-895A-B306C048FF53}.Debug|Any CPU.ActiveCfg = Debug|Any CPU
		{88C2FC4B-6A7E-4B59-895A-B306C048FF53}.Debug|Any CPU.Build.0 = Debug|Any CPU
		{88C2FC4B-6A7E-4B59-895A-B306C048FF53}.Debug|x64.ActiveCfg = Debug|Any CPU
		{88C2FC4B-6A7E-4B59-895A-B306C048FF53}.Debug|x64.Build.0 = Debug|Any CPU
		{88C2FC4B-6A7E-4B59-895A-B306C048FF53}.Debug|x86.ActiveCfg = Debug|Any CPU
		{88C2FC4B-6A7E-4B59-895A-B306C048FF53}.Debug|x86.Build.0 = Debug|Any CPU
		{88C2FC4B-6A7E-4B59-895A-B306C048FF53}.Release|Any CPU.ActiveCfg = Release|Any CPU
		{88C2FC4B-6A7E-4B59-895A-B306C048FF53}.Release|Any CPU.Build.0 = Release|Any CPU
		{88C2FC4B-6A7E-4B59-895A-B306C048FF53}.Release|x64.ActiveCfg = Release|Any CPU
		{88C2FC4B-6A7E-4B59-895A-B306C048FF53}.Release|x64.Build.0 = Release|Any CPU
		{88C2FC4B-6A7E-4B59-895A-B306C048FF53}.Release|x86.ActiveCfg = Release|Any CPU
		{88C2FC4B-6A7E-4B59-895A-B306C048FF53}.Release|x86.Build.0 = Release|Any CPU
		{B6388D65-7302-4EA6-98CD-4AA183F0A3CC}.Debug|Any CPU.ActiveCfg = Debug|Any CPU
		{B6388D65-7302-4EA6-98CD-4AA183F0A3CC}.Debug|Any CPU.Build.0 = Debug|Any CPU
		{B6388D65-7302-4EA6-98CD-4AA183F0A3CC}.Debug|x64.ActiveCfg = Debug|Any CPU
		{B6388D65-7302-4EA6-98CD-4AA183F0A3CC}.Debug|x64.Build.0 = Debug|Any CPU
		{B6388D65-7302-4EA6-98CD-4AA183F0A3CC}.Debug|x86.ActiveCfg = Debug|Any CPU
		{B6388D65-7302-4EA6-98CD-4AA183F0A3CC}.Debug|x86.Build.0 = Debug|Any CPU
		{B6388D65-7302-4EA6-98CD-4AA183F0A3CC}.Release|Any CPU.ActiveCfg = Release|Any CPU
		{B6388D65-7302-4EA6-98CD-4AA183F0A3CC}.Release|Any CPU.Build.0 = Release|Any CPU
		{B6388D65-7302-4EA6-98CD-4AA183F0A3CC}.Release|x64.ActiveCfg = Release|Any CPU
		{B6388D65-7302-4EA6-98CD-4AA183F0A3CC}.Release|x64.Build.0 = Release|Any CPU
		{B6388D65-7302-4EA6-98CD-4AA183F0A3CC}.Release|x86.ActiveCfg = Release|Any CPU
		{B6388D65-7302-4EA6-98CD-4AA183F0A3CC}.Release|x86.Build.0 = Release|Any CPU
		{653E4B0E-B26A-4470-A016-C7AA66AE4DBF}.Debug|Any CPU.ActiveCfg = Debug|Any CPU
		{653E4B0E-B26A-4470-A016-C7AA66AE4DBF}.Debug|Any CPU.Build.0 = Debug|Any CPU
		{653E4B0E-B26A-4470-A016-C7AA66AE4DBF}.Debug|x64.ActiveCfg = Debug|Any CPU
		{653E4B0E-B26A-4470-A016-C7AA66AE4DBF}.Debug|x64.Build.0 = Debug|Any CPU
		{653E4B0E-B26A-4470-A016-C7AA66AE4DBF}.Debug|x86.ActiveCfg = Debug|Any CPU
		{653E4B0E-B26A-4470-A016-C7AA66AE4DBF}.Debug|x86.Build.0 = Debug|Any CPU
		{653E4B0E-B26A-4470-A016-C7AA66AE4DBF}.Release|Any CPU.ActiveCfg = Release|Any CPU
		{653E4B0E-B26A-4470-A016-C7AA66AE4DBF}.Release|Any CPU.Build.0 = Release|Any CPU
		{653E4B0E-B26A-4470-A016-C7AA66AE4DBF}.Release|x64.ActiveCfg = Release|Any CPU
		{653E4B0E-B26A-4470-A016-C7AA66AE4DBF}.Release|x64.Build.0 = Release|Any CPU
		{653E4B0E-B26A-4470-A016-C7AA66AE4DBF}.Release|x86.ActiveCfg = Release|Any CPU
		{653E4B0E-B26A-4470-A016-C7AA66AE4DBF}.Release|x86.Build.0 = Release|Any CPU
	EndGlobalSection
	GlobalSection(SolutionProperties) = preSolution
		HideSolutionNode = FALSE
	EndGlobalSection
	GlobalSection(NestedProjects) = preSolution
		{5CC82587-F103-457A-BA02-7FFE7995157D} = {827E0CD3-B72D-47B6-A68D-7590B98EB39B}
		{F77E0D2B-CFAA-4784-B27E-B9A57490034E} = {827E0CD3-B72D-47B6-A68D-7590B98EB39B}
		{9CA86370-CE54-484C-ABC3-9695A1520725} = {827E0CD3-B72D-47B6-A68D-7590B98EB39B}
		{320F24C5-4592-4DCA-85D1-110D5CF88AC8} = {B36A84DF-456D-A817-6EDD-3EC3E7F6E11F}
		{408A55C2-8D1C-4629-8071-37D3AB4C5FC7} = {B36A84DF-456D-A817-6EDD-3EC3E7F6E11F}
		{88C2FC4B-6A7E-4B59-895A-B306C048FF53} = {B36A84DF-456D-A817-6EDD-3EC3E7F6E11F}
		{B6388D65-7302-4EA6-98CD-4AA183F0A3CC} = {827E0CD3-B72D-47B6-A68D-7590B98EB39B}
		{653E4B0E-B26A-4470-A016-C7AA66AE4DBF} = {827E0CD3-B72D-47B6-A68D-7590B98EB39B}
	EndGlobalSection
EndGlobal
