
Microsoft Visual Studio Solution File, Format Version 12.00
# Visual Studio Version 17
VisualStudioVersion = 17.0.31903.59
MinimumVisualStudioVersion = 10.0.40219.1
Project("{2150E333-8FDC-42A3-9474-1A3956D46DE8}") = "src", "src", "{827E0CD3-B72D-47B6-A68D-7590B98EB39B}"
EndProject
Project("{FAE04EC0-301F-11D3-BF4B-00C04F79EFBC}") = "Engine.Core", "src\Engine.Core\Engine.Core.csproj", "{A2E404CC-EC02-4811-BAB7-64F272898BCC}"
EndProject
Project("{FAE04EC0-301F-11D3-BF4B-00C04F79EFBC}") = "Engine.Runtime", "src\Engine.Runtime\Engine.Runtime.csproj", "{8490E06F-0778-4788-B62C-CD0DCE870F7D}"
EndProject
Project("{FAE04EC0-301F-11D3-BF4B-00C04F79EFBC}") = "Engine.Generators", "src\Engine.Generators\Engine.Generators.csproj", "{8F24A601-D011-409C-AF88-4DB66CDA4FFA}"
EndProject
Project("{FAE04EC0-301F-11D3-BF4B-00C04F79EFBC}") = "Example", "src\Example\Example.csproj", "{2F090392-DB18-4AC4-9DB8-DD22C4B00395}"
EndProject
Project("{FAE04EC0-301F-11D3-BF4B-00C04F79EFBC}") = "Engine.Math", "src\Engine.Math\Engine.Math.csproj", "{F6A65075-5A2F-4F56-9EC9-111FDBB2F3C8}"
EndProject
Project("{FAE04EC0-301F-11D3-BF4B-00C04F79EFBC}") = "Engine.Hierarchy", "src\Engine.Hierarchy\Engine.Hierarchy.csproj", "{F98BD474-DB3D-4AB9-B054-B2479215C059}"
EndProject
Global
	GlobalSection(SolutionConfigurationPlatforms) = preSolution
		Debug|Any CPU = Debug|Any CPU
		Debug|x64 = Debug|x64
		Debug|x86 = Debug|x86
		Release|Any CPU = Release|Any CPU
		Release|x64 = Release|x64
		Release|x86 = Release|x86
	EndGlobalSection
	GlobalSection(ProjectConfigurationPlatforms) = postSolution
		{A2E404CC-EC02-4811-BAB7-64F272898BCC}.Debug|Any CPU.ActiveCfg = Debug|Any CPU
		{A2E404CC-EC02-4811-BAB7-64F272898BCC}.Debug|Any CPU.Build.0 = Debug|Any CPU
		{A2E404CC-EC02-4811-BAB7-64F272898BCC}.Debug|x64.ActiveCfg = Debug|Any CPU
		{A2E404CC-EC02-4811-BAB7-64F272898BCC}.Debug|x64.Build.0 = Debug|Any CPU
		{A2E404CC-EC02-4811-BAB7-64F272898BCC}.Debug|x86.ActiveCfg = Debug|Any CPU
		{A2E404CC-EC02-4811-BAB7-64F272898BCC}.Debug|x86.Build.0 = Debug|Any CPU
		{A2E404CC-EC02-4811-BAB7-64F272898BCC}.Release|Any CPU.ActiveCfg = Release|Any CPU
		{A2E404CC-EC02-4811-BAB7-64F272898BCC}.Release|Any CPU.Build.0 = Release|Any CPU
		{A2E404CC-EC02-4811-BAB7-64F272898BCC}.Release|x64.ActiveCfg = Release|Any CPU
		{A2E404CC-EC02-4811-BAB7-64F272898BCC}.Release|x64.Build.0 = Release|Any CPU
		{A2E404CC-EC02-4811-BAB7-64F272898BCC}.Release|x86.ActiveCfg = Release|Any CPU
		{A2E404CC-EC02-4811-BAB7-64F272898BCC}.Release|x86.Build.0 = Release|Any CPU
		{8490E06F-0778-4788-B62C-CD0DCE870F7D}.Debug|Any CPU.ActiveCfg = Debug|Any CPU
		{8490E06F-0778-4788-B62C-CD0DCE870F7D}.Debug|Any CPU.Build.0 = Debug|Any CPU
		{8490E06F-0778-4788-B62C-CD0DCE870F7D}.Debug|x64.ActiveCfg = Debug|Any CPU
		{8490E06F-0778-4788-B62C-CD0DCE870F7D}.Debug|x64.Build.0 = Debug|Any CPU
		{8490E06F-0778-4788-B62C-CD0DCE870F7D}.Debug|x86.ActiveCfg = Debug|Any CPU
		{8490E06F-0778-4788-B62C-CD0DCE870F7D}.Debug|x86.Build.0 = Debug|Any CPU
		{8490E06F-0778-4788-B62C-CD0DCE870F7D}.Release|Any CPU.ActiveCfg = Release|Any CPU
		{8490E06F-0778-4788-B62C-CD0DCE870F7D}.Release|Any CPU.Build.0 = Release|Any CPU
		{8490E06F-0778-4788-B62C-CD0DCE870F7D}.Release|x64.ActiveCfg = Release|Any CPU
		{8490E06F-0778-4788-B62C-CD0DCE870F7D}.Release|x64.Build.0 = Release|Any CPU
		{8490E06F-0778-4788-B62C-CD0DCE870F7D}.Release|x86.ActiveCfg = Release|Any CPU
		{8490E06F-0778-4788-B62C-CD0DCE870F7D}.Release|x86.Build.0 = Release|Any CPU
		{8F24A601-D011-409C-AF88-4DB66CDA4FFA}.Debug|Any CPU.ActiveCfg = Debug|Any CPU
		{8F24A601-D011-409C-AF88-4DB66CDA4FFA}.Debug|Any CPU.Build.0 = Debug|Any CPU
		{8F24A601-D011-409C-AF88-4DB66CDA4FFA}.Debug|x64.ActiveCfg = Debug|Any CPU
		{8F24A601-D011-409C-AF88-4DB66CDA4FFA}.Debug|x64.Build.0 = Debug|Any CPU
		{8F24A601-D011-409C-AF88-4DB66CDA4FFA}.Debug|x86.ActiveCfg = Debug|Any CPU
		{8F24A601-D011-409C-AF88-4DB66CDA4FFA}.Debug|x86.Build.0 = Debug|Any CPU
		{8F24A601-D011-409C-AF88-4DB66CDA4FFA}.Release|Any CPU.ActiveCfg = Release|Any CPU
		{8F24A601-D011-409C-AF88-4DB66CDA4FFA}.Release|Any CPU.Build.0 = Release|Any CPU
		{8F24A601-D011-409C-AF88-4DB66CDA4FFA}.Release|x64.ActiveCfg = Release|Any CPU
		{8F24A601-D011-409C-AF88-4DB66CDA4FFA}.Release|x64.Build.0 = Release|Any CPU
		{8F24A601-D011-409C-AF88-4DB66CDA4FFA}.Release|x86.ActiveCfg = Release|Any CPU
		{8F24A601-D011-409C-AF88-4DB66CDA4FFA}.Release|x86.Build.0 = Release|Any CPU
		{2F090392-DB18-4AC4-9DB8-DD22C4B00395}.Debug|Any CPU.ActiveCfg = Debug|Any CPU
		{2F090392-DB18-4AC4-9DB8-DD22C4B00395}.Debug|Any CPU.Build.0 = Debug|Any CPU
		{2F090392-DB18-4AC4-9DB8-DD22C4B00395}.Debug|x64.ActiveCfg = Debug|Any CPU
		{2F090392-DB18-4AC4-9DB8-DD22C4B00395}.Debug|x64.Build.0 = Debug|Any CPU
		{2F090392-DB18-4AC4-9DB8-DD22C4B00395}.Debug|x86.ActiveCfg = Debug|Any CPU
		{2F090392-DB18-4AC4-9DB8-DD22C4B00395}.Debug|x86.Build.0 = Debug|Any CPU
		{2F090392-DB18-4AC4-9DB8-DD22C4B00395}.Release|Any CPU.ActiveCfg = Release|Any CPU
		{2F090392-DB18-4AC4-9DB8-DD22C4B00395}.Release|Any CPU.Build.0 = Release|Any CPU
		{2F090392-DB18-4AC4-9DB8-DD22C4B00395}.Release|x64.ActiveCfg = Release|Any CPU
		{2F090392-DB18-4AC4-9DB8-DD22C4B00395}.Release|x64.Build.0 = Release|Any CPU
		{2F090392-DB18-4AC4-9DB8-DD22C4B00395}.Release|x86.ActiveCfg = Release|Any CPU
		{2F090392-DB18-4AC4-9DB8-DD22C4B00395}.Release|x86.Build.0 = Release|Any CPU
		{F6A65075-5A2F-4F56-9EC9-111FDBB2F3C8}.Debug|Any CPU.ActiveCfg = Debug|Any CPU
		{F6A65075-5A2F-4F56-9EC9-111FDBB2F3C8}.Debug|Any CPU.Build.0 = Debug|Any CPU
		{F6A65075-5A2F-4F56-9EC9-111FDBB2F3C8}.Debug|x64.ActiveCfg = Debug|Any CPU
		{F6A65075-5A2F-4F56-9EC9-111FDBB2F3C8}.Debug|x64.Build.0 = Debug|Any CPU
		{F6A65075-5A2F-4F56-9EC9-111FDBB2F3C8}.Debug|x86.ActiveCfg = Debug|Any CPU
		{F6A65075-5A2F-4F56-9EC9-111FDBB2F3C8}.Debug|x86.Build.0 = Debug|Any CPU
		{F6A65075-5A2F-4F56-9EC9-111FDBB2F3C8}.Release|Any CPU.ActiveCfg = Release|Any CPU
		{F6A65075-5A2F-4F56-9EC9-111FDBB2F3C8}.Release|Any CPU.Build.0 = Release|Any CPU
		{F6A65075-5A2F-4F56-9EC9-111FDBB2F3C8}.Release|x64.ActiveCfg = Release|Any CPU
		{F6A65075-5A2F-4F56-9EC9-111FDBB2F3C8}.Release|x64.Build.0 = Release|Any CPU
		{F6A65075-5A2F-4F56-9EC9-111FDBB2F3C8}.Release|x86.ActiveCfg = Release|Any CPU
		{F6A65075-5A2F-4F56-9EC9-111FDBB2F3C8}.Release|x86.Build.0 = Release|Any CPU
		{F98BD474-DB3D-4AB9-B054-B2479215C059}.Debug|Any CPU.ActiveCfg = Debug|Any CPU
		{F98BD474-DB3D-4AB9-B054-B2479215C059}.Debug|Any CPU.Build.0 = Debug|Any CPU
		{F98BD474-DB3D-4AB9-B054-B2479215C059}.Debug|x64.ActiveCfg = Debug|Any CPU
		{F98BD474-DB3D-4AB9-B054-B2479215C059}.Debug|x64.Build.0 = Debug|Any CPU
		{F98BD474-DB3D-4AB9-B054-B2479215C059}.Debug|x86.ActiveCfg = Debug|Any CPU
		{F98BD474-DB3D-4AB9-B054-B2479215C059}.Debug|x86.Build.0 = Debug|Any CPU
		{F98BD474-DB3D-4AB9-B054-B2479215C059}.Release|Any CPU.ActiveCfg = Release|Any CPU
		{F98BD474-DB3D-4AB9-B054-B2479215C059}.Release|Any CPU.Build.0 = Release|Any CPU
		{F98BD474-DB3D-4AB9-B054-B2479215C059}.Release|x64.ActiveCfg = Release|Any CPU
		{F98BD474-DB3D-4AB9-B054-B2479215C059}.Release|x64.Build.0 = Release|Any CPU
		{F98BD474-DB3D-4AB9-B054-B2479215C059}.Release|x86.ActiveCfg = Release|Any CPU
		{F98BD474-DB3D-4AB9-B054-B2479215C059}.Release|x86.Build.0 = Release|Any CPU
	EndGlobalSection
	GlobalSection(SolutionProperties) = preSolution
		HideSolutionNode = FALSE
	EndGlobalSection
	GlobalSection(NestedProjects) = preSolution
		{A2E404CC-EC02-4811-BAB7-64F272898BCC} = {827E0CD3-B72D-47B6-A68D-7590B98EB39B}
		{8490E06F-0778-4788-B62C-CD0DCE870F7D} = {827E0CD3-B72D-47B6-A68D-7590B98EB39B}
		{8F24A601-D011-409C-AF88-4DB66CDA4FFA} = {827E0CD3-B72D-47B6-A68D-7590B98EB39B}
		{2F090392-DB18-4AC4-9DB8-DD22C4B00395} = {827E0CD3-B72D-47B6-A68D-7590B98EB39B}
		{F6A65075-5A2F-4F56-9EC9-111FDBB2F3C8} = {827E0CD3-B72D-47B6-A68D-7590B98EB39B}
		{F98BD474-DB3D-4AB9-B054-B2479215C059} = {827E0CD3-B72D-47B6-A68D-7590B98EB39B}
	EndGlobalSection
EndGlobal
