
Microsoft Visual Studio Solution File, Format Version 12.00
# Visual Studio Version 17
VisualStudioVersion = 17.0.31903.59
MinimumVisualStudioVersion = 10.0.40219.1
Project("{2150E333-8FDC-42A3-9474-1A3956D46DE8}") = "src", "src", "{827E0CD3-B72D-47B6-A68D-7590B98EB39B}"
EndProject
Project("{FAE04EC0-301F-11D3-BF4B-00C04F79EFBC}") = "Engine.Core", "src\Engine.Core\Engine.Core.csproj", "{A2E404CC-EC02-4811-BAB7-64F272898BCC}"
EndProject
Project("{FAE04EC0-301F-11D3-BF4B-00C04F79EFBC}") = "Engine.ModuleRuntime", "src\Engine.ModuleRuntime\Engine.ModuleRuntime.csproj", "{8490E06F-0778-4788-B62C-CD0DCE870F7D}"
EndProject
Project("{2150E333-8FDC-42A3-9474-1A3956D46DE8}") = "modules", "modules", "{CA253913-39DE-BFD0-C9A3-4B7EC6FBDF17}"
EndProject
Project("{FAE04EC0-301F-11D3-BF4B-00C04F79EFBC}") = "Modules.InMemoryPose", "modules\Modules.InMemoryPose\Modules.InMemoryPose.csproj", "{3F970B3E-5ECF-4A7C-9D76-D9AE6610FC25}"
EndProject
Project("{FAE04EC0-301F-11D3-BF4B-00C04F79EFBC}") = "Modules.InMemoryParent", "modules\Modules.InMemoryParent\Modules.InMemoryParent.csproj", "{C0189647-9B98-4A82-8AF0-CE83608751CF}"
EndProject
Project("{FAE04EC0-301F-11D3-BF4B-00C04F79EFBC}") = "Engine.Backend", "src\Engine.Backend\Engine.Backend.csproj", "{12C7C70B-1614-4AA9-96F6-B484C43D4E2B}"
EndProject
Project("{FAE04EC0-301F-11D3-BF4B-00C04F79EFBC}") = "Engine.Module", "src\Engine.Module\Engine.Module.csproj", "{DDB3CDF1-8E62-44C1-A5BB-3C99ABF38C78}"
EndProject
Global
	GlobalSection(SolutionConfigurationPlatforms) = preSolution
		Debug|Any CPU = Debug|Any CPU
		Debug|x64 = Debug|x64
		Debug|x86 = Debug|x86
		Release|Any CPU = Release|Any CPU
		Release|x64 = Release|x64
		Release|x86 = Release|x86
	EndGlobalSection
	GlobalSection(ProjectConfigurationPlatforms) = postSolution
		{A2E404CC-EC02-4811-BAB7-64F272898BCC}.Debug|Any CPU.ActiveCfg = Debug|Any CPU
		{A2E404CC-EC02-4811-BAB7-64F272898BCC}.Debug|Any CPU.Build.0 = Debug|Any CPU
		{A2E404CC-EC02-4811-BAB7-64F272898BCC}.Debug|x64.ActiveCfg = Debug|Any CPU
		{A2E404CC-EC02-4811-BAB7-64F272898BCC}.Debug|x64.Build.0 = Debug|Any CPU
		{A2E404CC-EC02-4811-BAB7-64F272898BCC}.Debug|x86.ActiveCfg = Debug|Any CPU
		{A2E404CC-EC02-4811-BAB7-64F272898BCC}.Debug|x86.Build.0 = Debug|Any CPU
		{A2E404CC-EC02-4811-BAB7-64F272898BCC}.Release|Any CPU.ActiveCfg = Release|Any CPU
		{A2E404CC-EC02-4811-BAB7-64F272898BCC}.Release|Any CPU.Build.0 = Release|Any CPU
		{A2E404CC-EC02-4811-BAB7-64F272898BCC}.Release|x64.ActiveCfg = Release|Any CPU
		{A2E404CC-EC02-4811-BAB7-64F272898BCC}.Release|x64.Build.0 = Release|Any CPU
		{A2E404CC-EC02-4811-BAB7-64F272898BCC}.Release|x86.ActiveCfg = Release|Any CPU
		{A2E404CC-EC02-4811-BAB7-64F272898BCC}.Release|x86.Build.0 = Release|Any CPU
		{8490E06F-0778-4788-B62C-CD0DCE870F7D}.Debug|Any CPU.ActiveCfg = Debug|Any CPU
		{8490E06F-0778-4788-B62C-CD0DCE870F7D}.Debug|Any CPU.Build.0 = Debug|Any CPU
		{8490E06F-0778-4788-B62C-CD0DCE870F7D}.Debug|x64.ActiveCfg = Debug|Any CPU
		{8490E06F-0778-4788-B62C-CD0DCE870F7D}.Debug|x64.Build.0 = Debug|Any CPU
		{8490E06F-0778-4788-B62C-CD0DCE870F7D}.Debug|x86.ActiveCfg = Debug|Any CPU
		{8490E06F-0778-4788-B62C-CD0DCE870F7D}.Debug|x86.Build.0 = Debug|Any CPU
		{8490E06F-0778-4788-B62C-CD0DCE870F7D}.Release|Any CPU.ActiveCfg = Release|Any CPU
		{8490E06F-0778-4788-B62C-CD0DCE870F7D}.Release|Any CPU.Build.0 = Release|Any CPU
		{8490E06F-0778-4788-B62C-CD0DCE870F7D}.Release|x64.ActiveCfg = Release|Any CPU
		{8490E06F-0778-4788-B62C-CD0DCE870F7D}.Release|x64.Build.0 = Release|Any CPU
		{8490E06F-0778-4788-B62C-CD0DCE870F7D}.Release|x86.ActiveCfg = Release|Any CPU
		{8490E06F-0778-4788-B62C-CD0DCE870F7D}.Release|x86.Build.0 = Release|Any CPU
		{3F970B3E-5ECF-4A7C-9D76-D9AE6610FC25}.Debug|Any CPU.ActiveCfg = Debug|Any CPU
		{3F970B3E-5ECF-4A7C-9D76-D9AE6610FC25}.Debug|Any CPU.Build.0 = Debug|Any CPU
		{3F970B3E-5ECF-4A7C-9D76-D9AE6610FC25}.Debug|x64.ActiveCfg = Debug|Any CPU
		{3F970B3E-5ECF-4A7C-9D76-D9AE6610FC25}.Debug|x64.Build.0 = Debug|Any CPU
		{3F970B3E-5ECF-4A7C-9D76-D9AE6610FC25}.Debug|x86.ActiveCfg = Debug|Any CPU
		{3F970B3E-5ECF-4A7C-9D76-D9AE6610FC25}.Debug|x86.Build.0 = Debug|Any CPU
		{3F970B3E-5ECF-4A7C-9D76-D9AE6610FC25}.Release|Any CPU.ActiveCfg = Release|Any CPU
		{3F970B3E-5ECF-4A7C-9D76-D9AE6610FC25}.Release|Any CPU.Build.0 = Release|Any CPU
		{3F970B3E-5ECF-4A7C-9D76-D9AE6610FC25}.Release|x64.ActiveCfg = Release|Any CPU
		{3F970B3E-5ECF-4A7C-9D76-D9AE6610FC25}.Release|x64.Build.0 = Release|Any CPU
		{3F970B3E-5ECF-4A7C-9D76-D9AE6610FC25}.Release|x86.ActiveCfg = Release|Any CPU
		{3F970B3E-5ECF-4A7C-9D76-D9AE6610FC25}.Release|x86.Build.0 = Release|Any CPU
		{C0189647-9B98-4A82-8AF0-CE83608751CF}.Debug|Any CPU.ActiveCfg = Debug|Any CPU
		{C0189647-9B98-4A82-8AF0-CE83608751CF}.Debug|Any CPU.Build.0 = Debug|Any CPU
		{C0189647-9B98-4A82-8AF0-CE83608751CF}.Debug|x64.ActiveCfg = Debug|Any CPU
		{C0189647-9B98-4A82-8AF0-CE83608751CF}.Debug|x64.Build.0 = Debug|Any CPU
		{C0189647-9B98-4A82-8AF0-CE83608751CF}.Debug|x86.ActiveCfg = Debug|Any CPU
		{C0189647-9B98-4A82-8AF0-CE83608751CF}.Debug|x86.Build.0 = Debug|Any CPU
		{C0189647-9B98-4A82-8AF0-CE83608751CF}.Release|Any CPU.ActiveCfg = Release|Any CPU
		{C0189647-9B98-4A82-8AF0-CE83608751CF}.Release|Any CPU.Build.0 = Release|Any CPU
		{C0189647-9B98-4A82-8AF0-CE83608751CF}.Release|x64.ActiveCfg = Release|Any CPU
		{C0189647-9B98-4A82-8AF0-CE83608751CF}.Release|x64.Build.0 = Release|Any CPU
		{C0189647-9B98-4A82-8AF0-CE83608751CF}.Release|x86.ActiveCfg = Release|Any CPU
		{C0189647-9B98-4A82-8AF0-CE83608751CF}.Release|x86.Build.0 = Release|Any CPU
		{12C7C70B-1614-4AA9-96F6-B484C43D4E2B}.Debug|Any CPU.ActiveCfg = Debug|Any CPU
		{12C7C70B-1614-4AA9-96F6-B484C43D4E2B}.Debug|Any CPU.Build.0 = Debug|Any CPU
		{12C7C70B-1614-4AA9-96F6-B484C43D4E2B}.Debug|x64.ActiveCfg = Debug|Any CPU
		{12C7C70B-1614-4AA9-96F6-B484C43D4E2B}.Debug|x64.Build.0 = Debug|Any CPU
		{12C7C70B-1614-4AA9-96F6-B484C43D4E2B}.Debug|x86.ActiveCfg = Debug|Any CPU
		{12C7C70B-1614-4AA9-96F6-B484C43D4E2B}.Debug|x86.Build.0 = Debug|Any CPU
		{12C7C70B-1614-4AA9-96F6-B484C43D4E2B}.Release|Any CPU.ActiveCfg = Release|Any CPU
		{12C7C70B-1614-4AA9-96F6-B484C43D4E2B}.Release|Any CPU.Build.0 = Release|Any CPU
		{12C7C70B-1614-4AA9-96F6-B484C43D4E2B}.Release|x64.ActiveCfg = Release|Any CPU
		{12C7C70B-1614-4AA9-96F6-B484C43D4E2B}.Release|x64.Build.0 = Release|Any CPU
		{12C7C70B-1614-4AA9-96F6-B484C43D4E2B}.Release|x86.ActiveCfg = Release|Any CPU
		{12C7C70B-1614-4AA9-96F6-B484C43D4E2B}.Release|x86.Build.0 = Release|Any CPU
		{DDB3CDF1-8E62-44C1-A5BB-3C99ABF38C78}.Debug|Any CPU.ActiveCfg = Debug|Any CPU
		{DDB3CDF1-8E62-44C1-A5BB-3C99ABF38C78}.Debug|Any CPU.Build.0 = Debug|Any CPU
		{DDB3CDF1-8E62-44C1-A5BB-3C99ABF38C78}.Debug|x64.ActiveCfg = Debug|Any CPU
		{DDB3CDF1-8E62-44C1-A5BB-3C99ABF38C78}.Debug|x64.Build.0 = Debug|Any CPU
		{DDB3CDF1-8E62-44C1-A5BB-3C99ABF38C78}.Debug|x86.ActiveCfg = Debug|Any CPU
		{DDB3CDF1-8E62-44C1-A5BB-3C99ABF38C78}.Debug|x86.Build.0 = Debug|Any CPU
		{DDB3CDF1-8E62-44C1-A5BB-3C99ABF38C78}.Release|Any CPU.ActiveCfg = Release|Any CPU
		{DDB3CDF1-8E62-44C1-A5BB-3C99ABF38C78}.Release|Any CPU.Build.0 = Release|Any CPU
		{DDB3CDF1-8E62-44C1-A5BB-3C99ABF38C78}.Release|x64.ActiveCfg = Release|Any CPU
		{DDB3CDF1-8E62-44C1-A5BB-3C99ABF38C78}.Release|x64.Build.0 = Release|Any CPU
		{DDB3CDF1-8E62-44C1-A5BB-3C99ABF38C78}.Release|x86.ActiveCfg = Release|Any CPU
		{DDB3CDF1-8E62-44C1-A5BB-3C99ABF38C78}.Release|x86.Build.0 = Release|Any CPU
	EndGlobalSection
	GlobalSection(SolutionProperties) = preSolution
		HideSolutionNode = FALSE
	EndGlobalSection
	GlobalSection(NestedProjects) = preSolution
		{A2E404CC-EC02-4811-BAB7-64F272898BCC} = {827E0CD3-B72D-47B6-A68D-7590B98EB39B}
		{8490E06F-0778-4788-B62C-CD0DCE870F7D} = {827E0CD3-B72D-47B6-A68D-7590B98EB39B}
		{3F970B3E-5ECF-4A7C-9D76-D9AE6610FC25} = {CA253913-39DE-BFD0-C9A3-4B7EC6FBDF17}
		{C0189647-9B98-4A82-8AF0-CE83608751CF} = {CA253913-39DE-BFD0-C9A3-4B7EC6FBDF17}
		{12C7C70B-1614-4AA9-96F6-B484C43D4E2B} = {827E0CD3-B72D-47B6-A68D-7590B98EB39B}
		{DDB3CDF1-8E62-44C1-A5BB-3C99ABF38C78} = {827E0CD3-B72D-47B6-A68D-7590B98EB39B}
	EndGlobalSection
EndGlobal
