{
    "name": "component-engine",
    "lockfileVersion": 3,
    "requires": true,
    "packages": {
        "": {
            "name": "component-engine",
            "workspaces": [
                "src/engine-core",
                "src/engine-client",
                "src/engine-worker",
                "src/engine-backend",
                "src/engine-worker-runtime",
                "modules/in-memory",
                "modules/in-memory-workers"
            ],
            "devDependencies": {
                "@types/node": "^22.0.0",
                "typescript": "^5.7.0"
            }
        },
        "modules/in-memory": {
            "version": "1.0.0",
            "dependencies": {
                "engine-client": "1.0.0"
            }
        },
        "modules/in-memory-workers": {
            "version": "1.0.0",
            "dependencies": {
                "@msgpack/msgpack": "^3.0.0",
                "engine-client": "1.0.0",
                "engine-core": "1.0.0",
                "engine-worker": "1.0.0",
                "engine-worker-runtime": "1.0.0",
                "in-memory": "1.0.0"
            }
        },
        "node_modules/@msgpack/msgpack": {
            "version": "3.1.3",
            "resolved": "https://registry.npmjs.org/@msgpack/msgpack/-/msgpack-3.1.3.tgz",
            "integrity": "sha512-47XIizs9XZXvuJgoaJUIE2lFoID8ugvc0jzSHP+Ptfk8nTbnR8g788wv48N03Kx0UkAv559HWRQ3yzOgzlRNUA==",
            "license": "ISC",
            "engines": {
                "node": ">= 18"
            }
        },
        "node_modules/@types/node": {
            "version": "22.19.15",
            "resolved": "https://registry.npmjs.org/@types/node/-/node-22.19.15.tgz",
            "integrity": "sha512-F0R/h2+dsy5wJAUe3tAU6oqa2qbWY5TpNfL/RGmo1y38hiyO1w3x2jPtt76wmuaJI4DQnOBu21cNXQ2STIUUWg==",
            "dev": true,
            "license": "MIT",
            "dependencies": {
                "undici-types": "~6.21.0"
            }
        },
        "node_modules/engine-backend": {
            "resolved": "src/engine-backend",
            "link": true
        },
        "node_modules/engine-client": {
            "resolved": "src/engine-client",
            "link": true
        },
        "node_modules/engine-core": {
            "resolved": "src/engine-core",
            "link": true
        },
        "node_modules/engine-worker": {
            "resolved": "src/engine-worker",
            "link": true
        },
        "node_modules/engine-worker-runtime": {
            "resolved": "src/engine-worker-runtime",
            "link": true
        },
        "node_modules/in-memory": {
            "resolved": "modules/in-memory",
            "link": true
        },
        "node_modules/in-memory-workers": {
            "resolved": "modules/in-memory-workers",
            "link": true
        },
        "node_modules/nats": {
            "version": "2.29.3",
            "resolved": "https://registry.npmjs.org/nats/-/nats-2.29.3.tgz",
            "integrity": "sha512-tOQCRCwC74DgBTk4pWZ9V45sk4d7peoE2njVprMRCBXrhJ5q5cYM7i6W+Uvw2qUrcfOSnuisrX7bEx3b3Wx4QA==",
            "license": "Apache-2.0",
            "dependencies": {
                "nkeys.js": "1.1.0"
            },
            "engines": {
                "node": ">= 14.0.0"
            }
        },
        "node_modules/nkeys.js": {
            "version": "1.1.0",
            "resolved": "https://registry.npmjs.org/nkeys.js/-/nkeys.js-1.1.0.tgz",
            "integrity": "sha512-tB/a0shZL5UZWSwsoeyqfTszONTt4k2YS0tuQioMOD180+MbombYVgzDUYHlx+gejYK6rgf08n/2Df99WY0Sxg==",
            "license": "Apache-2.0",
            "dependencies": {
                "tweetnacl": "1.0.3"
            },
            "engines": {
                "node": ">=10.0.0"
            }
        },
        "node_modules/tweetnacl": {
            "version": "1.0.3",
            "resolved": "https://registry.npmjs.org/tweetnacl/-/tweetnacl-1.0.3.tgz",
            "integrity": "sha512-6rt+RN7aOi1nGMyC4Xa5DdYiukl2UWCbcJft7YhxReBGQD7OAM8Pbxw6YMo4r2diNEA8FEmu32YOn9rhaiE5yw==",
            "license": "Unlicense"
        },
        "node_modules/typescript": {
            "version": "5.9.3",
            "resolved": "https://registry.npmjs.org/typescript/-/typescript-5.9.3.tgz",
            "integrity": "sha512-jl1vZzPDinLr9eUt3J/t7V6FgNEw9QjvBPdysz9KfQDD41fQrC2Y4vKQdiaUpFT4bXlb1RHhLpp8wtm6M5TgSw==",
            "dev": true,
            "license": "Apache-2.0",
            "bin": {
                "tsc": "bin/tsc",
                "tsserver": "bin/tsserver"
            },
            "engines": {
                "node": ">=14.17"
            }
        },
        "node_modules/undici-types": {
            "version": "6.21.0",
            "resolved": "https://registry.npmjs.org/undici-types/-/undici-types-6.21.0.tgz",
            "integrity": "sha512-iwDZqg0QAGrg9Rav5H4n0M64c3mkR59cJ6wQp+7C4nI0gsmExaedaYLNO44eT4AtBBwjbTiGPMlt2Md0T9H9JQ==",
            "dev": true,
            "license": "MIT"
        },
        "src/engine-backend": {
            "version": "1.0.0",
            "dependencies": {
                "engine-core": "1.0.0",
                "nats": "^2.28.0"
            }
        },
        "src/engine-client": {
            "version": "1.0.0",
            "dependencies": {
                "@msgpack/msgpack": "^3.0.0",
                "engine-core": "1.0.0",
                "nats": "^2.28.0"
            }
        },
        "src/engine-core": {
            "version": "1.0.0"
        },
        "src/engine-worker": {
            "version": "1.0.0",
            "dependencies": {
                "engine-core": "1.0.0"
            }
        },
        "src/engine-worker-runtime": {
            "version": "1.0.0",
            "dependencies": {
                "@msgpack/msgpack": "^3.0.0",
                "engine-core": "1.0.0",
                "engine-worker": "1.0.0",
                "nats": "^2.28.0"
            }
        }
    }
}
